
Microsoft Visual Studio Solution File, Format Version 12.00
# Visual Studio Version 17
VisualStudioVersion = 17.13.35825.156 d17.13
MinimumVisualStudioVersion = 10.0.40219.1
Project("{2150E333-8FDC-42A3-9474-1A3956D46DE8}") = "src", "src", "{02EA681E-C7D8-13C7-8484-4AC65E1B71E8}"
EndProject
Project("{2150E333-8FDC-42A3-9474-1A3956D46DE8}") = "tests", "tests", "{E45E76C2-6DAE-4112-B19C-17C4DBED3B68}"
EndProject
Project("{2150E333-8FDC-42A3-9474-1A3956D46DE8}") = "Services", "Services", "{9E6A58C0-C0FA-4537-B128-9837B1ECAAC8}"
EndProject
Project("{FAE04EC0-301F-11D3-BF4B-00C04F79EFBC}") = "BvlWeb.Services.Common", "..\BvlWeb.Services.Common\BvlWeb.Services.Common.csproj", "{A13922CD-E7A1-C1DA-CD35-59F9624E2F12}"
EndProject
Project("{FAE04EC0-301F-11D3-BF4B-00C04F79EFBC}") = "BvlWeb.Services.Data", "..\BvlWeb.Services.Data\BvlWeb.Services.Data.csproj", "{82D197E5-2B5A-778D-5D93-E282F6F07078}"
EndProject
Project("{FAE04EC0-301F-11D3-BF4B-00C04F79EFBC}") = "BvlWeb.Services.Data.Tests", "..\BvlWeb.Services.Data.Tests\BvlWeb.Services.Data.Tests.csproj", "{0E40397B-CE5D-B259-70F3-176E9AAE87D1}"
EndProject
Project("{FAE04EC0-301F-11D3-BF4B-00C04F79EFBC}") = "BvlWeb.Services.Common.Tests", "..\BvlWeb.Services.Common.Tests\BvlWeb.Services.Common.Tests.csproj", "{16A4A53E-16FD-DC1F-6A41-617C950F515A}"
EndProject
Project("{2150E333-8FDC-42A3-9474-1A3956D46DE8}") = "Modules", "Modules", "{AC9EF6AA-C9AF-4990-A5F7-19BAD0C23130}"
EndProject
Project("{2150E333-8FDC-42A3-9474-1A3956D46DE8}") = "Api", "Api", "{6537C537-EBA9-4A56-81FE-030C56F46A02}"
EndProject
Project("{FAE04EC0-301F-11D3-BF4B-00C04F79EFBC}") = "BvlWeb.Api.Common", "..\BvlWeb.Api.Common\BvlWeb.Api.Common.csproj", "{D23AB511-D7A7-2262-4135-3F0278C2ED10}"
EndProject
Project("{FAE04EC0-301F-11D3-BF4B-00C04F79EFBC}") = "BvlWeb.Api.Funding", "..\BvlWeb.Api.Funding\BvlWeb.Api.Funding.csproj", "{66725010-AB85-354D-B5D3-E7063051BA42}"
EndProject
Project("{FAE04EC0-301F-11D3-BF4B-00C04F79EFBC}") = "BvlWeb.Api.Funding.Tests", "..\BvlWeb.Api.Funding.Tests\BvlWeb.Api.Funding.Tests.csproj", "{EE7FA9C0-190F-7052-C888-C21F5F9345CC}"
EndProject
Project("{FAE04EC0-301F-11D3-BF4B-00C04F79EFBC}") = "BvlWeb.Api.Common.Tests", "..\BvlWeb.Api.Common.Tests\BvlWeb.Api.Common.Tests.csproj", "{83B0791D-7C0B-88D2-D066-2725B4EEEB25}"
EndProject
Project("{FAE04EC0-301F-11D3-BF4B-00C04F79EFBC}") = "BvlWeb.Modules.Funding", "..\BvlWeb.Modules.Funding\BvlWeb.Modules.Funding.csproj", "{D2CDED6D-4652-F716-B743-7E5768D2BABF}"
EndProject
Global
	GlobalSection(SolutionConfigurationPlatforms) = preSolution
		Debug|Any CPU = Debug|Any CPU
		Release|Any CPU = Release|Any CPU
	EndGlobalSection
	GlobalSection(ProjectConfigurationPlatforms) = postSolution
		{A13922CD-E7A1-C1DA-CD35-59F9624E2F12}.Debug|Any CPU.ActiveCfg = Debug|Any CPU
		{A13922CD-E7A1-C1DA-CD35-59F9624E2F12}.Debug|Any CPU.Build.0 = Debug|Any CPU
		{A13922CD-E7A1-C1DA-CD35-59F9624E2F12}.Release|Any CPU.ActiveCfg = Release|Any CPU
		{A13922CD-E7A1-C1DA-CD35-59F9624E2F12}.Release|Any CPU.Build.0 = Release|Any CPU
		{82D197E5-2B5A-778D-5D93-E282F6F07078}.Debug|Any CPU.ActiveCfg = Debug|Any CPU
		{82D197E5-2B5A-778D-5D93-E282F6F07078}.Debug|Any CPU.Build.0 = Debug|Any CPU
		{82D197E5-2B5A-778D-5D93-E282F6F07078}.Release|Any CPU.ActiveCfg = Release|Any CPU
		{82D197E5-2B5A-778D-5D93-E282F6F07078}.Release|Any CPU.Build.0 = Release|Any CPU
		{0E40397B-CE5D-B259-70F3-176E9AAE87D1}.Debug|Any CPU.ActiveCfg = Debug|Any CPU
		{0E40397B-CE5D-B259-70F3-176E9AAE87D1}.Debug|Any CPU.Build.0 = Debug|Any CPU
		{0E40397B-CE5D-B259-70F3-176E9AAE87D1}.Release|Any CPU.ActiveCfg = Release|Any CPU
		{0E40397B-CE5D-B259-70F3-176E9AAE87D1}.Release|Any CPU.Build.0 = Release|Any CPU
		{16A4A53E-16FD-DC1F-6A41-617C950F515A}.Debug|Any CPU.ActiveCfg = Debug|Any CPU
		{16A4A53E-16FD-DC1F-6A41-617C950F515A}.Debug|Any CPU.Build.0 = Debug|Any CPU
		{16A4A53E-16FD-DC1F-6A41-617C950F515A}.Release|Any CPU.ActiveCfg = Release|Any CPU
		{16A4A53E-16FD-DC1F-6A41-617C950F515A}.Release|Any CPU.Build.0 = Release|Any CPU
		{D23AB511-D7A7-2262-4135-3F0278C2ED10}.Debug|Any CPU.ActiveCfg = Debug|Any CPU
		{D23AB511-D7A7-2262-4135-3F0278C2ED10}.Debug|Any CPU.Build.0 = Debug|Any CPU
		{D23AB511-D7A7-2262-4135-3F0278C2ED10}.Release|Any CPU.ActiveCfg = Release|Any CPU
		{D23AB511-D7A7-2262-4135-3F0278C2ED10}.Release|Any CPU.Build.0 = Release|Any CPU
		{66725010-AB85-354D-B5D3-E7063051BA42}.Debug|Any CPU.ActiveCfg = Debug|Any CPU
		{66725010-AB85-354D-B5D3-E7063051BA42}.Debug|Any CPU.Build.0 = Debug|Any CPU
		{66725010-AB85-354D-B5D3-E7063051BA42}.Release|Any CPU.ActiveCfg = Release|Any CPU
		{66725010-AB85-354D-B5D3-E7063051BA42}.Release|Any CPU.Build.0 = Release|Any CPU
		{EE7FA9C0-190F-7052-C888-C21F5F9345CC}.Debug|Any CPU.ActiveCfg = Debug|Any CPU
		{EE7FA9C0-190F-7052-C888-C21F5F9345CC}.Debug|Any CPU.Build.0 = Debug|Any CPU
		{EE7FA9C0-190F-7052-C888-C21F5F9345CC}.Release|Any CPU.ActiveCfg = Release|Any CPU
		{EE7FA9C0-190F-7052-C888-C21F5F9345CC}.Release|Any CPU.Build.0 = Release|Any CPU
		{83B0791D-7C0B-88D2-D066-2725B4EEEB25}.Debug|Any CPU.ActiveCfg = Debug|Any CPU
		{83B0791D-7C0B-88D2-D066-2725B4EEEB25}.Debug|Any CPU.Build.0 = Debug|Any CPU
		{83B0791D-7C0B-88D2-D066-2725B4EEEB25}.Release|Any CPU.ActiveCfg = Release|Any CPU
		{83B0791D-7C0B-88D2-D066-2725B4EEEB25}.Release|Any CPU.Build.0 = Release|Any CPU
		{D2CDED6D-4652-F716-B743-7E5768D2BABF}.Debug|Any CPU.ActiveCfg = Debug|Any CPU
		{D2CDED6D-4652-F716-B743-7E5768D2BABF}.Debug|Any CPU.Build.0 = Debug|Any CPU
		{D2CDED6D-4652-F716-B743-7E5768D2BABF}.Release|Any CPU.ActiveCfg = Release|Any CPU
		{D2CDED6D-4652-F716-B743-7E5768D2BABF}.Release|Any CPU.Build.0 = Release|Any CPU
	EndGlobalSection
	GlobalSection(SolutionProperties) = preSolution
		HideSolutionNode = FALSE
	EndGlobalSection
	GlobalSection(NestedProjects) = preSolution
		{9E6A58C0-C0FA-4537-B128-9837B1ECAAC8} = {02EA681E-C7D8-13C7-8484-4AC65E1B71E8}
		{A13922CD-E7A1-C1DA-CD35-59F9624E2F12} = {9E6A58C0-C0FA-4537-B128-9837B1ECAAC8}
		{82D197E5-2B5A-778D-5D93-E282F6F07078} = {9E6A58C0-C0FA-4537-B128-9837B1ECAAC8}
		{0E40397B-CE5D-B259-70F3-176E9AAE87D1} = {E45E76C2-6DAE-4112-B19C-17C4DBED3B68}
		{16A4A53E-16FD-DC1F-6A41-617C950F515A} = {E45E76C2-6DAE-4112-B19C-17C4DBED3B68}
		{AC9EF6AA-C9AF-4990-A5F7-19BAD0C23130} = {02EA681E-C7D8-13C7-8484-4AC65E1B71E8}
		{6537C537-EBA9-4A56-81FE-030C56F46A02} = {02EA681E-C7D8-13C7-8484-4AC65E1B71E8}
		{D23AB511-D7A7-2262-4135-3F0278C2ED10} = {6537C537-EBA9-4A56-81FE-030C56F46A02}
		{66725010-AB85-354D-B5D3-E7063051BA42} = {6537C537-EBA9-4A56-81FE-030C56F46A02}
		{EE7FA9C0-190F-7052-C888-C21F5F9345CC} = {E45E76C2-6DAE-4112-B19C-17C4DBED3B68}
		{83B0791D-7C0B-88D2-D066-2725B4EEEB25} = {E45E76C2-6DAE-4112-B19C-17C4DBED3B68}
		{D2CDED6D-4652-F716-B743-7E5768D2BABF} = {AC9EF6AA-C9AF-4990-A5F7-19BAD0C23130}
	EndGlobalSection
	GlobalSection(ExtensibilityGlobals) = postSolution
		SolutionGuid = {F94C09A3-76CB-48C8-AD0B-23DC66DB1807}
	EndGlobalSection
EndGlobal
